
Microsoft Visual Studio Solution File, Format Version 12.00
# Visual Studio Version 17
VisualStudioVersion = 17.10.35013.160
MinimumVisualStudioVersion = 10.0.40219.1
Project("{FAE04EC0-301F-11D3-BF4B-00C04F79EFBC}") = "MyConsoleApp", "MyConsoleApp\MyConsoleApp.csproj", "{77473DCF-2B51-426E-94EA-55D95FC49DBC}"
EndProject
Project("{FAE04EC0-301F-11D3-BF4B-00C04F79EFBC}") = "MyLibrary", "MyLibrary\MyLibrary.csproj", "{F887A209-8567-407F-A654-11A591C07815}"
EndProject
Global
	GlobalSection(SolutionConfigurationPlatforms) = preSolution
		Debug|Any CPU = Debug|Any CPU
		Release|Any CPU = Release|Any CPU
	EndGlobalSection
	GlobalSection(ProjectConfigurationPlatforms) = postSolution
		{77473DCF-2B51-426E-94EA-55D95FC49DBC}.Debug|Any CPU.ActiveCfg = Debug|Any CPU
		{77473DCF-2B51-426E-94EA-55D95FC49DBC}.Debug|Any CPU.Build.0 = Debug|Any CPU
		{77473DCF-2B51-426E-94EA-55D95FC49DBC}.Release|Any CPU.ActiveCfg = Release|Any CPU
		{77473DCF-2B51-426E-94EA-55D95FC49DBC}.Release|Any CPU.Build.0 = Release|Any CPU
		{F887A209-8567-407F-A654-11A591C07815}.Debug|Any CPU.ActiveCfg = Debug|Any CPU
		{F887A209-8567-407F-A654-11A591C07815}.Debug|Any CPU.Build.0 = Debug|Any CPU
		{F887A209-8567-407F-A654-11A591C07815}.Release|Any CPU.ActiveCfg = Release|Any CPU
		{F887A209-8567-407F-A654-11A591C07815}.Release|Any CPU.Build.0 = Release|Any CPU
	EndGlobalSection
	GlobalSection(SolutionProperties) = preSolution
		HideSolutionNode = FALSE
	EndGlobalSection
	GlobalSection(ExtensibilityGlobals) = postSolution
		SolutionGuid = {2C4717B7-7E75-463A-AC14-0E69EF2C564D}
	EndGlobalSection
EndGlobal
